
Microsoft Visual Studio Solution File, Format Version 12.00
# Visual Studio 15
VisualStudioVersion = 15.0.28010.2046
MinimumVisualStudioVersion = 10.0.40219.1
Project("{FAE04EC0-301F-11D3-BF4B-00C04F79EFBC}") = "TwinThreadChallenge", "TwinThreadChallenge\TwinThreadChallenge.csproj", "{3A943AC4-2F4E-40D7-8C43-3B6572465298}"
EndProject
Global
	GlobalSection(SolutionConfigurationPlatforms) = preSolution
		Debug|Any CPU = Debug|Any CPU
		Release|Any CPU = Release|Any CPU
	EndGlobalSection
	GlobalSection(ProjectConfigurationPlatforms) = postSolution
		{3A943AC4-2F4E-40D7-8C43-3B6572465298}.Debug|Any CPU.ActiveCfg = Debug|Any CPU
		{3A943AC4-2F4E-40D7-8C43-3B6572465298}.Debug|Any CPU.Build.0 = Debug|Any CPU
		{3A943AC4-2F4E-40D7-8C43-3B6572465298}.Release|Any CPU.ActiveCfg = Release|Any CPU
		{3A943AC4-2F4E-40D7-8C43-3B6572465298}.Release|Any CPU.Build.0 = Release|Any CPU
	EndGlobalSection
	GlobalSection(SolutionProperties) = preSolution
		HideSolutionNode = FALSE
	EndGlobalSection
	GlobalSection(ExtensibilityGlobals) = postSolution
		SolutionGuid = {8274C60A-DDE0-4A08-A2BA-401A4AC55F1D}
	EndGlobalSection
EndGlobal
